
Microsoft Visual Studio Solution File, Format Version 12.00
# Visual Studio Version 17
VisualStudioVersion = 17.10.35122.118
MinimumVisualStudioVersion = 10.0.40219.1
Project("{8BC9CEB8-8B4A-11D0-8D11-00A0C91BC942}") = "CplusplusProject", "CplusplusProject.vcxproj", "{2047EE59-1CFA-4D88-8957-C5F0DB645DFC}"
EndProject
Global
	GlobalSection(SolutionConfigurationPlatforms) = preSolution
		Debug|x64 = Debug|x64
		Debug|x86 = Debug|x86
		Release|x64 = Release|x64
		Release|x86 = Release|x86
	EndGlobalSection
	GlobalSection(ProjectConfigurationPlatforms) = postSolution
		{2047EE59-1CFA-4D88-8957-C5F0DB645DFC}.Debug|x64.ActiveCfg = Debug|x64
		{2047EE59-1CFA-4D88-8957-C5F0DB645DFC}.Debug|x64.Build.0 = Debug|x64
		{2047EE59-1CFA-4D88-8957-C5F0DB645DFC}.Debug|x86.ActiveCfg = Debug|Win32
		{2047EE59-1CFA-4D88-8957-C5F0DB645DFC}.Debug|x86.Build.0 = Debug|Win32
		{2047EE59-1CFA-4D88-8957-C5F0DB645DFC}.Release|x64.ActiveCfg = Release|x64
		{2047EE59-1CFA-4D88-8957-C5F0DB645DFC}.Release|x64.Build.0 = Release|x64
		{2047EE59-1CFA-4D88-8957-C5F0DB645DFC}.Release|x86.ActiveCfg = Release|Win32
		{2047EE59-1CFA-4D88-8957-C5F0DB645DFC}.Release|x86.Build.0 = Release|Win32
	EndGlobalSection
	GlobalSection(SolutionProperties) = preSolution
		HideSolutionNode = FALSE
	EndGlobalSection
	GlobalSection(ExtensibilityGlobals) = postSolution
		SolutionGuid = {582F8B01-C0CC-4F46-AF59-555D9F53756E}
	EndGlobalSection
EndGlobal
